{
  "requires": true,
  "lockfileVersion": 1,
  "dependencies": {
    "@angular/animations": {
      "version": "5.2.1",
      "resolved": "https://registry.npmjs.org/@angular/animations/-/animations-5.2.1.tgz",
      "integrity": "sha512-f8viyt1xDC2NC2ap0lczw+AiL3S1WVSDOmNp3UKwA66gm+Hs9AdDX0PjpxgMR9KQY8c4P7mztNax55jj2Sbe1Q==",
      "requires": {
        "tslib": "1.9.0"
      }
    },
    "@progress/kendo-angular-dateinputs": {
      "version": "1.4.3",
      "resolved": "https://registry.npmjs.org/@progress/kendo-angular-dateinputs/-/kendo-angular-dateinputs-1.4.3.tgz",
      "integrity": "sha512-+VjYEHmIRAGb6MRZXydxq7xk6txM6tW0aKmjSG/SnPoCIVv6PVAYrUFzdfn36qirbhQB25Cqf6u3g3QYqjr2fQ==",
      "requires": {
        "@progress/kendo-angular-popup": "1.3.3",
        "@progress/kendo-date-math": "1.1.1",
        "tslib": "1.9.0"
      }
    },
    "@progress/kendo-angular-dropdowns": {
      "version": "1.6.0",
      "resolved": "https://registry.npmjs.org/@progress/kendo-angular-dropdowns/-/kendo-angular-dropdowns-1.6.0.tgz",
      "integrity": "sha512-FpuBL35owu8bOu+tOYkcF24fP/oTT3WbQKlEXnZMgnHspqrfcOTZgF2nQwQ+DMg2hGzJYHtYk3UI8pemD6cktA==",
      "requires": {
        "@progress/kendo-angular-popup": "1.3.3",
        "@progress/kendo-angular-resize-sensor": "2.0.1",
        "tslib": "1.9.0"
      }
    },
    "@progress/kendo-angular-excel-export": {
      "version": "1.0.5",
      "resolved": "https://registry.npmjs.org/@progress/kendo-angular-excel-export/-/kendo-angular-excel-export-1.0.5.tgz",
      "integrity": "sha1-38QJrTebI6j1w8Vg7q1rBIoH+os=",
      "requires": {
        "@progress/kendo-file-saver": "1.0.4",
        "@progress/kendo-ooxml": "1.0.2",
        "tslib": "1.9.0"
      }
    },
    "@progress/kendo-angular-grid": {
      "version": "1.7.1",
      "resolved": "https://registry.npmjs.org/@progress/kendo-angular-grid/-/kendo-angular-grid-1.7.1.tgz",
      "integrity": "sha512-3rz06lemMuh1RzouwWSPP0G0qjNWX5cqaTKb28RLFgqtEH1CHsNUHrwJ2ck26jt06x46AeX9Ms9Kt22YLZYdNA==",
      "requires": {
        "@progress/kendo-angular-pdf-export": "1.0.1",
        "@progress/kendo-angular-resize-sensor": "2.0.1",
        "@progress/kendo-file-saver": "1.0.4",
        "@telerik/kendo-draggable": "1.6.0",
        "tslib": "1.9.0"
      }
    },
    "@progress/kendo-angular-inputs": {
      "version": "1.4.2",
      "resolved": "https://registry.npmjs.org/@progress/kendo-angular-inputs/-/kendo-angular-inputs-1.4.2.tgz",
      "integrity": "sha512-FhnUIRDu2eJQFxbOGKXC+6KRezFIQxvLum14c4kjSBiKIon3khs9u0FI2JceycUhUxNrjLtunbCHSgF2o0p6Hg==",
      "requires": {
        "@progress/kendo-angular-resize-sensor": "2.0.1",
        "@telerik/kendo-draggable": "1.6.0",
        "@telerik/kendo-inputs-common": "2.2.2",
        "tslib": "1.9.0"
      }
    },
    "@progress/kendo-angular-intl": {
      "version": "1.3.0",
      "resolved": "https://registry.npmjs.org/@progress/kendo-angular-intl/-/kendo-angular-intl-1.3.0.tgz",
      "integrity": "sha1-DHgnjVlj8q3zv9xko9qDlrDEuFc=",
      "requires": {
        "@telerik/kendo-intl": "1.3.2",
        "tslib": "1.9.0"
      }
    },
    "@progress/kendo-angular-l10n": {
      "version": "1.0.5",
      "resolved": "https://registry.npmjs.org/@progress/kendo-angular-l10n/-/kendo-angular-l10n-1.0.5.tgz",
      "integrity": "sha1-nKgoz+Ra467WNCI7nLE9yyyHUDE=",
      "requires": {
        "tslib": "1.9.0"
      }
    },
    "@progress/kendo-angular-pdf-export": {
      "version": "1.0.1",
      "resolved": "https://registry.npmjs.org/@progress/kendo-angular-pdf-export/-/kendo-angular-pdf-export-1.0.1.tgz",
      "integrity": "sha1-VuBhoClkiitDPQXdj9/+71C1ZIc=",
      "requires": {
        "@progress/kendo-file-saver": "1.0.4",
        "tslib": "1.9.0"
      }
    },
    "@progress/kendo-angular-popup": {
      "version": "1.3.3",
      "resolved": "https://registry.npmjs.org/@progress/kendo-angular-popup/-/kendo-angular-popup-1.3.3.tgz",
      "integrity": "sha512-kvRCNcXrBr7Tq3rI6iqJE+JxkTZRiqiL0C30/GIbOg1nHpWbFNzQTz+xhoooq/0tk4CLjOqfxQ2nddqcGYzNIQ==",
      "requires": {
        "@progress/kendo-popup-common": "1.2.3",
        "tslib": "1.9.0"
      }
    },
    "@progress/kendo-angular-resize-sensor": {
      "version": "2.0.1",
      "resolved": "https://registry.npmjs.org/@progress/kendo-angular-resize-sensor/-/kendo-angular-resize-sensor-2.0.1.tgz",
      "integrity": "sha512-abgQAvgYTPYstw7aIDQC9Etk3Q/onUq5BMx9+pdZY3lGSJT7qZY2I5cnZQ1WnGan0d4dPus82JkTQDh0zEVzbQ==",
      "requires": {
        "tslib": "1.9.0"
      }
    },
    "@progress/kendo-data-query": {
      "version": "1.1.2",
      "resolved": "https://registry.npmjs.org/@progress/kendo-data-query/-/kendo-data-query-1.1.2.tgz",
      "integrity": "sha512-CQLqK4/dMEzw8e4YQxMphe7Q5IPG/cCFm9TbTSo1TcNQpkYm+W6ACZtOZAv8+vE/CvBUob+BuQoj/EWsdn+pug==",
      "requires": {
        "tslib": "1.9.0"
      }
    },
    "@progress/kendo-date-math": {
      "version": "1.1.1",
      "resolved": "https://registry.npmjs.org/@progress/kendo-date-math/-/kendo-date-math-1.1.1.tgz",
      "integrity": "sha512-eJFzV4C+9O4qchCpbi1Wz07Rw2lSoPL1IVCqqPFIPrDwqRTrtmp3MWaFIsmBrKJAduJXXb08UvRLtLmzdybS1A==",
      "requires": {
        "tslib": "1.9.0"
      }
    },
    "@progress/kendo-drawing": {
      "version": "1.4.1",
      "resolved": "https://registry.npmjs.org/@progress/kendo-drawing/-/kendo-drawing-1.4.1.tgz",
      "integrity": "sha512-3AQ2jnpUeZ6grzOIx44yyeQrQtdNm56q3CH3d++0+5C3fX8RyTkyZXeQ9JjOtVsXlgyzFfIVVjRyqD2387d07w==",
      "requires": {
        "pako": "1.0.6"
      }
    },
    "@progress/kendo-file-saver": {
      "version": "1.0.4",
      "resolved": "https://registry.npmjs.org/@progress/kendo-file-saver/-/kendo-file-saver-1.0.4.tgz",
      "integrity": "sha1-pwI8IlHwSnVquGxW9xxO7LGjVr4="
    },
    "@progress/kendo-ooxml": {
      "version": "1.0.2",
      "resolved": "https://registry.npmjs.org/@progress/kendo-ooxml/-/kendo-ooxml-1.0.2.tgz",
      "integrity": "sha1-aO9/ZeTocg2ELMvabdg0FAIKlOM=",
      "requires": {
        "jszip": "3.1.5"
      }
    },
    "@progress/kendo-popup-common": {
      "version": "1.2.3",
      "resolved": "https://registry.npmjs.org/@progress/kendo-popup-common/-/kendo-popup-common-1.2.3.tgz",
      "integrity": "sha1-S6Cb/9+IbqvtQSani1ONmP4yEcY="
    },
    "@telerik/kendo-draggable": {
      "version": "1.6.0",
      "resolved": "https://registry.npmjs.org/@telerik/kendo-draggable/-/kendo-draggable-1.6.0.tgz",
      "integrity": "sha1-aVHSOCibCTIrYwbMugfTieXUeEo="
    },
    "@telerik/kendo-inputs-common": {
      "version": "2.2.2",
      "resolved": "https://registry.npmjs.org/@telerik/kendo-inputs-common/-/kendo-inputs-common-2.2.2.tgz",
      "integrity": "sha1-hOWlADBkeMZX7YbzrypA3KDXT8E="
    },
    "@telerik/kendo-intl": {
      "version": "1.3.2",
      "resolved": "https://registry.npmjs.org/@telerik/kendo-intl/-/kendo-intl-1.3.2.tgz",
      "integrity": "sha1-WO7x9Ksc2UJTVIrIcsPVUlfGA34="
    },
    "core-js": {
      "version": "2.3.0",
      "resolved": "https://registry.npmjs.org/core-js/-/core-js-2.3.0.tgz",
      "integrity": "sha1-+rg/uwstjchfpjbEudNMdUIMbWU="
    },
    "core-util-is": {
      "version": "1.0.2",
      "resolved": "https://registry.npmjs.org/core-util-is/-/core-util-is-1.0.2.tgz",
      "integrity": "sha1-tf1UIgqivFq1eqtxQMlAdUUDwac="
    },
    "es6-promise": {
      "version": "3.0.2",
      "resolved": "https://registry.npmjs.org/es6-promise/-/es6-promise-3.0.2.tgz",
      "integrity": "sha1-AQ1YWEI6XxGJeWZfRkhqlcbuK7Y="
    },
    "immediate": {
      "version": "3.0.6",
      "resolved": "https://registry.npmjs.org/immediate/-/immediate-3.0.6.tgz",
      "integrity": "sha1-nbHb0Pr43m++D13V5Wu2BigN5ps="
    },
    "inherits": {
      "version": "2.0.3",
      "resolved": "https://registry.npmjs.org/inherits/-/inherits-2.0.3.tgz",
      "integrity": "sha1-Yzwsg+PaQqUC9SRmAiSA9CCCYd4="
    },
    "isarray": {
      "version": "1.0.0",
      "resolved": "https://registry.npmjs.org/isarray/-/isarray-1.0.0.tgz",
      "integrity": "sha1-u5NdSFgsuhaMBoNJV6VKPgcSTxE="
    },
    "jszip": {
      "version": "3.1.5",
      "resolved": "https://registry.npmjs.org/jszip/-/jszip-3.1.5.tgz",
      "integrity": "sha512-5W8NUaFRFRqTOL7ZDDrx5qWHJyBXy6velVudIzQUSoqAAYqzSh2Z7/m0Rf1QbmQJccegD0r+YZxBjzqoBiEeJQ==",
      "requires": {
        "core-js": "2.3.0",
        "es6-promise": "3.0.2",
        "lie": "3.1.1",
        "pako": "1.0.6",
        "readable-stream": "2.0.6"
      }
    },
    "lie": {
      "version": "3.1.1",
      "resolved": "https://registry.npmjs.org/lie/-/lie-3.1.1.tgz",
      "integrity": "sha1-mkNrLMd0bKWd56QfpGmz77dr2H4=",
      "requires": {
        "immediate": "3.0.6"
      }
    },
    "pako": {
      "version": "1.0.6",
      "resolved": "https://registry.npmjs.org/pako/-/pako-1.0.6.tgz",
      "integrity": "sha512-lQe48YPsMJAig+yngZ87Lus+NF+3mtu7DVOBu6b/gHO1YpKwIj5AWjZ/TOS7i46HD/UixzWb1zeWDZfGZ3iYcg=="
    },
    "process-nextick-args": {
      "version": "1.0.7",
      "resolved": "https://registry.npmjs.org/process-nextick-args/-/process-nextick-args-1.0.7.tgz",
      "integrity": "sha1-FQ4gt1ZZCtP5EJPyWk8q2L/zC6M="
    },
    "readable-stream": {
      "version": "2.0.6",
      "resolved": "https://registry.npmjs.org/readable-stream/-/readable-stream-2.0.6.tgz",
      "integrity": "sha1-j5A0HmilPMySh4jaz80Rs265t44=",
      "requires": {
        "core-util-is": "1.0.2",
        "inherits": "2.0.3",
        "isarray": "1.0.0",
        "process-nextick-args": "1.0.7",
        "string_decoder": "0.10.31",
        "util-deprecate": "1.0.2"
      }
    },
    "string_decoder": {
      "version": "0.10.31",
      "resolved": "https://registry.npmjs.org/string_decoder/-/string_decoder-0.10.31.tgz",
      "integrity": "sha1-YuIDvEF2bGwoyfyEMB2rHFMQ+pQ="
    },
    "tslib": {
      "version": "1.9.0",
      "resolved": "https://registry.npmjs.org/tslib/-/tslib-1.9.0.tgz",
      "integrity": "sha512-f/qGG2tUkrISBlQZEjEqoZ3B2+npJjIf04H1wuAv9iA8i04Icp+61KRXxFdha22670NJopsZCIjhC3SnjPRKrQ=="
    },
    "util-deprecate": {
      "version": "1.0.2",
      "resolved": "https://registry.npmjs.org/util-deprecate/-/util-deprecate-1.0.2.tgz",
      "integrity": "sha1-RQ1Nyfpw3nMnYvvS1KKJgUGaDM8="
    }
  }
}
